// !$*UTF8*$!
{
	archiveVersion = 1;
	classes = {
	};
	objectVersion = 52;
	objects = {

/* Begin PBXBuildFile section */
		04A7A4BF2643AE450062DE97 /* AppDelegate.swift in Sources */ = {isa = PBXBuildFile; fileRef = 04A7A4BE2643AE450062DE97 /* AppDelegate.swift */; };
		04A7A4C12643AE450062DE97 /* ViewController.swift in Sources */ = {isa = PBXBuildFile; fileRef = 04A7A4C02643AE450062DE97 /* ViewController.swift */; };
		04A7A4C32643AE480062DE97 /* Assets.xcassets in Resources */ = {isa = PBXBuildFile; fileRef = 04A7A4C22643AE480062DE97 /* Assets.xcassets */; };
		04A7A4C62643AE480062DE97 /* Main.storyboard in Resources */ = {isa = PBXBuildFile; fileRef = 04A7A4C42643AE480062DE97 /* Main.storyboard */; };
		04A7A4F72643C9AB0062DE97 /* AppProxyProvider.swift in Sources */ = {isa = PBXBuildFile; fileRef = 04A7A4F62643C9AB0062DE97 /* AppProxyProvider.swift */; };
		04A7A4F92643C9AB0062DE97 /* main.swift in Sources */ = {isa = PBXBuildFile; fileRef = 04A7A4F82643C9AB0062DE97 /* main.swift */; };
		04A7A4FE2643C9AB0062DE97 /* com.emanuele.mitmproxyApple.mitmproxyAppleExtension.systemextension in Embed System Extensions */ = {isa = PBXBuildFile; fileRef = 04A7A4F32643C9AB0062DE97 /* com.emanuele.mitmproxyApple.mitmproxyAppleExtension.systemextension */; settings = {ATTRIBUTES = (RemoveHeadersOnCopy, ); }; };
		F3562A342A348A13008B99A0 /* NetworkExtension.framework in Frameworks */ = {isa = PBXBuildFile; fileRef = 04A7A4D52643AE730062DE97 /* NetworkExtension.framework */; };
		F36621582A29AE710049A8B5 /* Constants.swift in Sources */ = {isa = PBXBuildFile; fileRef = F36621572A29AE710049A8B5 /* Constants.swift */; };
		F366215A2A29AF130049A8B5 /* Proxy.swift in Sources */ = {isa = PBXBuildFile; fileRef = F36621592A29AF130049A8B5 /* Proxy.swift */; };
		F3AB02112A35B99000327306 /* SwiftProtobuf in Frameworks */ = {isa = PBXBuildFile; productRef = F3AB02102A35B99000327306 /* SwiftProtobuf */; };
		F3AB02132A35B99000327306 /* SwiftProtobufPluginLibrary in Frameworks */ = {isa = PBXBuildFile; productRef = F3AB02122A35B99000327306 /* SwiftProtobufPluginLibrary */; };
		F3D1346A2A34538A00E6E2A1 /* UDPPacket.pb.swift in Sources */ = {isa = PBXBuildFile; fileRef = F3D134682A34532B00E6E2A1 /* UDPPacket.pb.swift */; };
		F3D1346B2A34538D00E6E2A1 /* TCPPacket.pb.swift in Sources */ = {isa = PBXBuildFile; fileRef = F3D134662A34531D00E6E2A1 /* TCPPacket.pb.swift */; };
/* End PBXBuildFile section */

/* Begin PBXContainerItemProxy section */
		04A7A4FC2643C9AB0062DE97 /* PBXContainerItemProxy */ = {
			isa = PBXContainerItemProxy;
			containerPortal = 04A7A4B32643AE450062DE97 /* Project object */;
			proxyType = 1;
			remoteGlobalIDString = 04A7A4F22643C9AB0062DE97;
			remoteInfo = TransparentProxyExtension;
		};
/* End PBXContainerItemProxy section */

/* Begin PBXCopyFilesBuildPhase section */
		04A7A4EC2643C7F70062DE97 /* Embed App Extensions */ = {
			isa = PBXCopyFilesBuildPhase;
			buildActionMask = 2147483647;
			dstPath = "";
			dstSubfolderSpec = 13;
			files = (
			);
			name = "Embed App Extensions";
			runOnlyForDeploymentPostprocessing = 0;
		};
		04A7A5022643C9AB0062DE97 /* Embed System Extensions */ = {
			isa = PBXCopyFilesBuildPhase;
			buildActionMask = 2147483647;
			dstPath = "$(SYSTEM_EXTENSIONS_FOLDER_PATH)";
			dstSubfolderSpec = 16;
			files = (
				04A7A4FE2643C9AB0062DE97 /* com.emanuele.mitmproxyApple.mitmproxyAppleExtension.systemextension in Embed System Extensions */,
			);
			name = "Embed System Extensions";
			runOnlyForDeploymentPostprocessing = 0;
		};
/* End PBXCopyFilesBuildPhase section */

/* Begin PBXFileReference section */
		04A7A4BB2643AE450062DE97 /* MitmproxyApple.app */ = {isa = PBXFileReference; explicitFileType = wrapper.application; includeInIndex = 0; path = MitmproxyApple.app; sourceTree = BUILT_PRODUCTS_DIR; };
		04A7A4BE2643AE450062DE97 /* AppDelegate.swift */ = {isa = PBXFileReference; lastKnownFileType = sourcecode.swift; path = AppDelegate.swift; sourceTree = "<group>"; };
		04A7A4C02643AE450062DE97 /* ViewController.swift */ = {isa = PBXFileReference; lastKnownFileType = sourcecode.swift; path = ViewController.swift; sourceTree = "<group>"; };
		04A7A4C22643AE480062DE97 /* Assets.xcassets */ = {isa = PBXFileReference; lastKnownFileType = folder.assetcatalog; path = Assets.xcassets; sourceTree = "<group>"; };
		04A7A4C52643AE480062DE97 /* Base */ = {isa = PBXFileReference; lastKnownFileType = file.storyboard; name = Base; path = Base.lproj/Main.storyboard; sourceTree = "<group>"; };
		04A7A4C72643AE480062DE97 /* Info.plist */ = {isa = PBXFileReference; lastKnownFileType = text.plist.xml; path = Info.plist; sourceTree = "<group>"; };
		04A7A4C82643AE480062DE97 /* MitmproxyApple.entitlements */ = {isa = PBXFileReference; lastKnownFileType = text.plist.entitlements; path = MitmproxyApple.entitlements; sourceTree = "<group>"; };
		04A7A4D52643AE730062DE97 /* NetworkExtension.framework */ = {isa = PBXFileReference; lastKnownFileType = wrapper.framework; name = NetworkExtension.framework; path = System/Library/Frameworks/NetworkExtension.framework; sourceTree = SDKROOT; };
		04A7A4F32643C9AB0062DE97 /* com.emanuele.mitmproxyApple.mitmproxyAppleExtension.systemextension */ = {isa = PBXFileReference; explicitFileType = "wrapper.system-extension"; includeInIndex = 0; path = com.emanuele.mitmproxyApple.mitmproxyAppleExtension.systemextension; sourceTree = BUILT_PRODUCTS_DIR; };
		04A7A4F62643C9AB0062DE97 /* AppProxyProvider.swift */ = {isa = PBXFileReference; lastKnownFileType = sourcecode.swift; path = AppProxyProvider.swift; sourceTree = "<group>"; };
		04A7A4F82643C9AB0062DE97 /* main.swift */ = {isa = PBXFileReference; lastKnownFileType = sourcecode.swift; path = main.swift; sourceTree = "<group>"; };
		04A7A4FA2643C9AB0062DE97 /* Info.plist */ = {isa = PBXFileReference; lastKnownFileType = text.plist.xml; path = Info.plist; sourceTree = "<group>"; };
		04A7A4FB2643C9AB0062DE97 /* MitmproxyAppleExtension.entitlements */ = {isa = PBXFileReference; lastKnownFileType = text.plist.entitlements; path = MitmproxyAppleExtension.entitlements; sourceTree = "<group>"; };
		F341B7422A335D5B003424AE /* MitmproxyAppleExtensionRelease.entitlements */ = {isa = PBXFileReference; lastKnownFileType = text.plist.entitlements; path = MitmproxyAppleExtensionRelease.entitlements; sourceTree = "<group>"; };
		F341B7432A335E33003424AE /* MitmproxyAppleRelease.entitlements */ = {isa = PBXFileReference; lastKnownFileType = text.plist.entitlements; path = MitmproxyAppleRelease.entitlements; sourceTree = "<group>"; };
		F36621572A29AE710049A8B5 /* Constants.swift */ = {isa = PBXFileReference; lastKnownFileType = sourcecode.swift; path = Constants.swift; sourceTree = "<group>"; };
		F36621592A29AF130049A8B5 /* Proxy.swift */ = {isa = PBXFileReference; lastKnownFileType = sourcecode.swift; path = Proxy.swift; sourceTree = "<group>"; };
		F3D134662A34531D00E6E2A1 /* TCPPacket.pb.swift */ = {isa = PBXFileReference; fileEncoding = 4; lastKnownFileType = sourcecode.swift; path = TCPPacket.pb.swift; sourceTree = "<group>"; };
		F3D134682A34532B00E6E2A1 /* UDPPacket.pb.swift */ = {isa = PBXFileReference; fileEncoding = 4; lastKnownFileType = sourcecode.swift; path = UDPPacket.pb.swift; sourceTree = "<group>"; };
/* End PBXFileReference section */

/* Begin PBXFrameworksBuildPhase section */
		04A7A4B82643AE450062DE97 /* Frameworks */ = {
			isa = PBXFrameworksBuildPhase;
			buildActionMask = 2147483647;
			files = (
			);
			runOnlyForDeploymentPostprocessing = 0;
		};
		04A7A4F02643C9AB0062DE97 /* Frameworks */ = {
			isa = PBXFrameworksBuildPhase;
			buildActionMask = 2147483647;
			files = (
				F3AB02132A35B99000327306 /* SwiftProtobufPluginLibrary in Frameworks */,
				F3562A342A348A13008B99A0 /* NetworkExtension.framework in Frameworks */,
				F3AB02112A35B99000327306 /* SwiftProtobuf in Frameworks */,
			);
			runOnlyForDeploymentPostprocessing = 0;
		};
/* End PBXFrameworksBuildPhase section */

/* Begin PBXGroup section */
		04A7A4B22643AE450062DE97 = {
			isa = PBXGroup;
			children = (
				04A7A4BD2643AE450062DE97 /* MitmproxyApple */,
				04A7A4F52643C9AB0062DE97 /* MitmproxyAppleExtension */,
				04A7A4D42643AE730062DE97 /* Frameworks */,
				04A7A4BC2643AE450062DE97 /* Products */,
			);
			sourceTree = "<group>";
		};
		04A7A4BC2643AE450062DE97 /* Products */ = {
			isa = PBXGroup;
			children = (
				04A7A4BB2643AE450062DE97 /* MitmproxyApple.app */,
				04A7A4F32643C9AB0062DE97 /* com.emanuele.mitmproxyApple.mitmproxyAppleExtension.systemextension */,
			);
			name = Products;
			sourceTree = "<group>";
		};
		04A7A4BD2643AE450062DE97 /* MitmproxyApple */ = {
			isa = PBXGroup;
			children = (
				F341B7432A335E33003424AE /* MitmproxyAppleRelease.entitlements */,
				04A7A4BE2643AE450062DE97 /* AppDelegate.swift */,
				F36621562A29ADD50049A8B5 /* Controller */,
				F36621552A29ADCF0049A8B5 /* View */,
				F36621532A29ADBB0049A8B5 /* Model */,
				04A7A4C22643AE480062DE97 /* Assets.xcassets */,
				04A7A4C72643AE480062DE97 /* Info.plist */,
				04A7A4C82643AE480062DE97 /* MitmproxyApple.entitlements */,
				F36621572A29AE710049A8B5 /* Constants.swift */,
			);
			path = MitmproxyApple;
			sourceTree = "<group>";
		};
		04A7A4D42643AE730062DE97 /* Frameworks */ = {
			isa = PBXGroup;
			children = (
				04A7A4D52643AE730062DE97 /* NetworkExtension.framework */,
			);
			name = Frameworks;
			sourceTree = "<group>";
		};
		04A7A4F52643C9AB0062DE97 /* MitmproxyAppleExtension */ = {
			isa = PBXGroup;
			children = (
				F341B7582A3451C0003424AE /* proto */,
				F341B7422A335D5B003424AE /* MitmproxyAppleExtensionRelease.entitlements */,
				04A7A4F62643C9AB0062DE97 /* AppProxyProvider.swift */,
				04A7A4F82643C9AB0062DE97 /* main.swift */,
				04A7A4FA2643C9AB0062DE97 /* Info.plist */,
				04A7A4FB2643C9AB0062DE97 /* MitmproxyAppleExtension.entitlements */,
			);
			path = MitmproxyAppleExtension;
			sourceTree = "<group>";
		};
		F341B7582A3451C0003424AE /* proto */ = {
			isa = PBXGroup;
			children = (
				F3D134682A34532B00E6E2A1 /* UDPPacket.pb.swift */,
				F3D134662A34531D00E6E2A1 /* TCPPacket.pb.swift */,
			);
			path = proto;
			sourceTree = "<group>";
		};
		F36621532A29ADBB0049A8B5 /* Model */ = {
			isa = PBXGroup;
			children = (
				F36621592A29AF130049A8B5 /* Proxy.swift */,
			);
			path = Model;
			sourceTree = "<group>";
		};
		F36621552A29ADCF0049A8B5 /* View */ = {
			isa = PBXGroup;
			children = (
				04A7A4C42643AE480062DE97 /* Main.storyboard */,
			);
			path = View;
			sourceTree = "<group>";
		};
		F36621562A29ADD50049A8B5 /* Controller */ = {
			isa = PBXGroup;
			children = (
				04A7A4C02643AE450062DE97 /* ViewController.swift */,
			);
			path = Controller;
			sourceTree = "<group>";
		};
/* End PBXGroup section */

/* Begin PBXNativeTarget section */
		04A7A4BA2643AE450062DE97 /* MitmproxyApple */ = {
			isa = PBXNativeTarget;
			buildConfigurationList = 04A7A4CB2643AE480062DE97 /* Build configuration list for PBXNativeTarget "MitmproxyApple" */;
			buildPhases = (
				04A7A4B72643AE450062DE97 /* Sources */,
				04A7A4B82643AE450062DE97 /* Frameworks */,
				04A7A4B92643AE450062DE97 /* Resources */,
				04A7A4EC2643C7F70062DE97 /* Embed App Extensions */,
				04A7A5022643C9AB0062DE97 /* Embed System Extensions */,
			);
			buildRules = (
			);
			dependencies = (
				04A7A4FD2643C9AB0062DE97 /* PBXTargetDependency */,
			);
			name = MitmproxyApple;
			productName = TransparentProxy;
			productReference = 04A7A4BB2643AE450062DE97 /* MitmproxyApple.app */;
			productType = "com.apple.product-type.application";
		};
		04A7A4F22643C9AB0062DE97 /* MitmproxyAppleExtension */ = {
			isa = PBXNativeTarget;
			buildConfigurationList = 04A7A4FF2643C9AB0062DE97 /* Build configuration list for PBXNativeTarget "MitmproxyAppleExtension" */;
			buildPhases = (
				04A7A4EF2643C9AB0062DE97 /* Sources */,
				04A7A4F02643C9AB0062DE97 /* Frameworks */,
				04A7A4F12643C9AB0062DE97 /* Resources */,
			);
			buildRules = (
			);
			dependencies = (
			);
			name = MitmproxyAppleExtension;
			packageProductDependencies = (
				F3AB02102A35B99000327306 /* SwiftProtobuf */,
				F3AB02122A35B99000327306 /* SwiftProtobufPluginLibrary */,
			);
			productName = TransparentProxyExtension;
			productReference = 04A7A4F32643C9AB0062DE97 /* com.emanuele.mitmproxyApple.mitmproxyAppleExtension.systemextension */;
			productType = "com.apple.product-type.system-extension";
		};
/* End PBXNativeTarget section */

/* Begin PBXProject section */
		04A7A4B32643AE450062DE97 /* Project object */ = {
			isa = PBXProject;
			attributes = {
				LastSwiftUpdateCheck = 1240;
				LastUpgradeCheck = 1240;
				TargetAttributes = {
					04A7A4BA2643AE450062DE97 = {
						CreatedOnToolsVersion = 12.4;
					};
					04A7A4F22643C9AB0062DE97 = {
						CreatedOnToolsVersion = 12.4;
					};
				};
			};
			buildConfigurationList = 04A7A4B62643AE450062DE97 /* Build configuration list for PBXProject "MitmproxyApple" */;
			compatibilityVersion = "Xcode 9.3";
			developmentRegion = en;
			hasScannedForEncodings = 0;
			knownRegions = (
				en,
				Base,
			);
			mainGroup = 04A7A4B22643AE450062DE97;
			packageReferences = (
				F3AB020F2A35B99000327306 /* XCRemoteSwiftPackageReference "swift-protobuf" */,
			);
			productRefGroup = 04A7A4BC2643AE450062DE97 /* Products */;
			projectDirPath = "";
			projectRoot = "";
			targets = (
				04A7A4BA2643AE450062DE97 /* MitmproxyApple */,
				04A7A4F22643C9AB0062DE97 /* MitmproxyAppleExtension */,
			);
		};
/* End PBXProject section */

/* Begin PBXResourcesBuildPhase section */
		04A7A4B92643AE450062DE97 /* Resources */ = {
			isa = PBXResourcesBuildPhase;
			buildActionMask = 2147483647;
			files = (
				04A7A4C32643AE480062DE97 /* Assets.xcassets in Resources */,
				04A7A4C62643AE480062DE97 /* Main.storyboard in Resources */,
			);
			runOnlyForDeploymentPostprocessing = 0;
		};
		04A7A4F12643C9AB0062DE97 /* Resources */ = {
			isa = PBXResourcesBuildPhase;
			buildActionMask = 2147483647;
			files = (
			);
			runOnlyForDeploymentPostprocessing = 0;
		};
/* End PBXResourcesBuildPhase section */

/* Begin PBXSourcesBuildPhase section */
		04A7A4B72643AE450062DE97 /* Sources */ = {
			isa = PBXSourcesBuildPhase;
			buildActionMask = 2147483647;
			files = (
				F366215A2A29AF130049A8B5 /* Proxy.swift in Sources */,
				04A7A4C12643AE450062DE97 /* ViewController.swift in Sources */,
				04A7A4BF2643AE450062DE97 /* AppDelegate.swift in Sources */,
				F36621582A29AE710049A8B5 /* Constants.swift in Sources */,
			);
			runOnlyForDeploymentPostprocessing = 0;
		};
		04A7A4EF2643C9AB0062DE97 /* Sources */ = {
			isa = PBXSourcesBuildPhase;
			buildActionMask = 2147483647;
			files = (
				F3D1346B2A34538D00E6E2A1 /* TCPPacket.pb.swift in Sources */,
				F3D1346A2A34538A00E6E2A1 /* UDPPacket.pb.swift in Sources */,
				04A7A4F92643C9AB0062DE97 /* main.swift in Sources */,
				04A7A4F72643C9AB0062DE97 /* AppProxyProvider.swift in Sources */,
			);
			runOnlyForDeploymentPostprocessing = 0;
		};
/* End PBXSourcesBuildPhase section */

/* Begin PBXTargetDependency section */
		04A7A4FD2643C9AB0062DE97 /* PBXTargetDependency */ = {
			isa = PBXTargetDependency;
			target = 04A7A4F22643C9AB0062DE97 /* MitmproxyAppleExtension */;
			targetProxy = 04A7A4FC2643C9AB0062DE97 /* PBXContainerItemProxy */;
		};
/* End PBXTargetDependency section */

/* Begin PBXVariantGroup section */
		04A7A4C42643AE480062DE97 /* Main.storyboard */ = {
			isa = PBXVariantGroup;
			children = (
				04A7A4C52643AE480062DE97 /* Base */,
			);
			name = Main.storyboard;
			sourceTree = "<group>";
		};
/* End PBXVariantGroup section */

/* Begin XCBuildConfiguration section */
		04A7A4C92643AE480062DE97 /* Debug */ = {
			isa = XCBuildConfiguration;
			buildSettings = {
				ALWAYS_SEARCH_USER_PATHS = NO;
				ARCHS = "$(ARCHS_STANDARD)";
				CLANG_ANALYZER_NONNULL = YES;
				CLANG_ANALYZER_NUMBER_OBJECT_CONVERSION = YES_AGGRESSIVE;
				CLANG_CXX_LANGUAGE_STANDARD = "gnu++14";
				CLANG_CXX_LIBRARY = "libc++";
				CLANG_ENABLE_MODULES = YES;
				CLANG_ENABLE_OBJC_ARC = YES;
				CLANG_ENABLE_OBJC_WEAK = YES;
				CLANG_WARN_BLOCK_CAPTURE_AUTORELEASING = YES;
				CLANG_WARN_BOOL_CONVERSION = YES;
				CLANG_WARN_COMMA = YES;
				CLANG_WARN_CONSTANT_CONVERSION = YES;
				CLANG_WARN_DEPRECATED_OBJC_IMPLEMENTATIONS = YES;
				CLANG_WARN_DIRECT_OBJC_ISA_USAGE = YES_ERROR;
				CLANG_WARN_DOCUMENTATION_COMMENTS = YES;
				CLANG_WARN_EMPTY_BODY = YES;
				CLANG_WARN_ENUM_CONVERSION = YES;
				CLANG_WARN_INFINITE_RECURSION = YES;
				CLANG_WARN_INT_CONVERSION = YES;
				CLANG_WARN_NON_LITERAL_NULL_CONVERSION = YES;
				CLANG_WARN_OBJC_IMPLICIT_RETAIN_SELF = YES;
				CLANG_WARN_OBJC_LITERAL_CONVERSION = YES;
				CLANG_WARN_OBJC_ROOT_CLASS = YES_ERROR;
				CLANG_WARN_QUOTED_INCLUDE_IN_FRAMEWORK_HEADER = YES;
				CLANG_WARN_RANGE_LOOP_ANALYSIS = YES;
				CLANG_WARN_STRICT_PROTOTYPES = YES;
				CLANG_WARN_SUSPICIOUS_MOVE = YES;
				CLANG_WARN_UNGUARDED_AVAILABILITY = YES_AGGRESSIVE;
				CLANG_WARN_UNREACHABLE_CODE = YES;
				CLANG_WARN__DUPLICATE_METHOD_MATCH = YES;
				COPY_PHASE_STRIP = NO;
				DEBUG_INFORMATION_FORMAT = dwarf;
				ENABLE_STRICT_OBJC_MSGSEND = YES;
				ENABLE_TESTABILITY = YES;
				GCC_C_LANGUAGE_STANDARD = gnu11;
				GCC_DYNAMIC_NO_PIC = NO;
				GCC_NO_COMMON_BLOCKS = YES;
				GCC_OPTIMIZATION_LEVEL = 0;
				GCC_PREPROCESSOR_DEFINITIONS = (
					"DEBUG=1",
					"$(inherited)",
				);
				GCC_WARN_64_TO_32_BIT_CONVERSION = YES;
				GCC_WARN_ABOUT_RETURN_TYPE = YES_ERROR;
				GCC_WARN_UNDECLARED_SELECTOR = YES;
				GCC_WARN_UNINITIALIZED_AUTOS = YES_AGGRESSIVE;
				GCC_WARN_UNUSED_FUNCTION = YES;
				GCC_WARN_UNUSED_VARIABLE = YES;
				MACOSX_DEPLOYMENT_TARGET = 11.1;
				MTL_ENABLE_DEBUG_INFO = INCLUDE_SOURCE;
				MTL_FAST_MATH = YES;
				ONLY_ACTIVE_ARCH = YES;
				OTHER_LDFLAGS = "";
				SDKROOT = macosx;
				SWIFT_ACTIVE_COMPILATION_CONDITIONS = DEBUG;
				SWIFT_OPTIMIZATION_LEVEL = "-Onone";
			};
			name = Debug;
		};
		04A7A4CA2643AE480062DE97 /* Release */ = {
			isa = XCBuildConfiguration;
			buildSettings = {
				ALWAYS_SEARCH_USER_PATHS = NO;
				ARCHS = "$(ARCHS_STANDARD)";
				CLANG_ANALYZER_NONNULL = YES;
				CLANG_ANALYZER_NUMBER_OBJECT_CONVERSION = YES_AGGRESSIVE;
				CLANG_CXX_LANGUAGE_STANDARD = "gnu++14";
				CLANG_CXX_LIBRARY = "libc++";
				CLANG_ENABLE_MODULES = YES;
				CLANG_ENABLE_OBJC_ARC = YES;
				CLANG_ENABLE_OBJC_WEAK = YES;
				CLANG_WARN_BLOCK_CAPTURE_AUTORELEASING = YES;
				CLANG_WARN_BOOL_CONVERSION = YES;
				CLANG_WARN_COMMA = YES;
				CLANG_WARN_CONSTANT_CONVERSION = YES;
				CLANG_WARN_DEPRECATED_OBJC_IMPLEMENTATIONS = YES;
				CLANG_WARN_DIRECT_OBJC_ISA_USAGE = YES_ERROR;
				CLANG_WARN_DOCUMENTATION_COMMENTS = YES;
				CLANG_WARN_EMPTY_BODY = YES;
				CLANG_WARN_ENUM_CONVERSION = YES;
				CLANG_WARN_INFINITE_RECURSION = YES;
				CLANG_WARN_INT_CONVERSION = YES;
				CLANG_WARN_NON_LITERAL_NULL_CONVERSION = YES;
				CLANG_WARN_OBJC_IMPLICIT_RETAIN_SELF = YES;
				CLANG_WARN_OBJC_LITERAL_CONVERSION = YES;
				CLANG_WARN_OBJC_ROOT_CLASS = YES_ERROR;
				CLANG_WARN_QUOTED_INCLUDE_IN_FRAMEWORK_HEADER = YES;
				CLANG_WARN_RANGE_LOOP_ANALYSIS = YES;
				CLANG_WARN_STRICT_PROTOTYPES = YES;
				CLANG_WARN_SUSPICIOUS_MOVE = YES;
				CLANG_WARN_UNGUARDED_AVAILABILITY = YES_AGGRESSIVE;
				CLANG_WARN_UNREACHABLE_CODE = YES;
				CLANG_WARN__DUPLICATE_METHOD_MATCH = YES;
				COPY_PHASE_STRIP = NO;
				DEBUG_INFORMATION_FORMAT = "dwarf-with-dsym";
				ENABLE_NS_ASSERTIONS = YES;
				ENABLE_STRICT_OBJC_MSGSEND = YES;
				ENABLE_TESTABILITY = YES;
				GCC_C_LANGUAGE_STANDARD = gnu11;
				GCC_NO_COMMON_BLOCKS = YES;
				GCC_WARN_64_TO_32_BIT_CONVERSION = YES;
				GCC_WARN_ABOUT_RETURN_TYPE = YES_ERROR;
				GCC_WARN_UNDECLARED_SELECTOR = YES;
				GCC_WARN_UNINITIALIZED_AUTOS = YES_AGGRESSIVE;
				GCC_WARN_UNUSED_FUNCTION = YES;
				GCC_WARN_UNUSED_VARIABLE = YES;
				MACOSX_DEPLOYMENT_TARGET = 11.1;
				MTL_ENABLE_DEBUG_INFO = NO;
				MTL_FAST_MATH = YES;
				ONLY_ACTIVE_ARCH = YES;
				OTHER_LDFLAGS = "";
				SDKROOT = macosx;
				SWIFT_COMPILATION_MODE = wholemodule;
				SWIFT_OPTIMIZATION_LEVEL = "-O";
			};
			name = Release;
		};
		04A7A4CC2643AE480062DE97 /* Debug */ = {
			isa = XCBuildConfiguration;
			buildSettings = {
				ALWAYS_EMBED_SWIFT_STANDARD_LIBRARIES = YES;
				ASSETCATALOG_COMPILER_APPICON_NAME = AppIcon;
				ASSETCATALOG_COMPILER_GLOBAL_ACCENT_COLOR_NAME = AccentColor;
				CODE_SIGN_ENTITLEMENTS = MitmproxyApple/MitmproxyApple.entitlements;
				CODE_SIGN_IDENTITY = "Apple Development";
				CODE_SIGN_STYLE = Automatic;
				COMBINE_HIDPI_IMAGES = YES;
				DEVELOPMENT_TEAM = S8XHQB96PW;
				ENABLE_HARDENED_RUNTIME = YES;
				INFOPLIST_FILE = MitmproxyApple/Info.plist;
				LD_RUNPATH_SEARCH_PATHS = (
					"$(inherited)",
					"@executable_path/../Frameworks",
				);
				PRODUCT_BUNDLE_IDENTIFIER = com.emanuele.mitmproxyApple;
				PRODUCT_NAME = "$(TARGET_NAME)";
				PROVISIONING_PROFILE_SPECIFIER = "";
				SWIFT_VERSION = 5.0;
			};
			name = Debug;
		};
		04A7A4CD2643AE480062DE97 /* Release */ = {
			isa = XCBuildConfiguration;
			buildSettings = {
				ALWAYS_EMBED_SWIFT_STANDARD_LIBRARIES = YES;
				ASSETCATALOG_COMPILER_APPICON_NAME = AppIcon;
				ASSETCATALOG_COMPILER_GLOBAL_ACCENT_COLOR_NAME = AccentColor;
				CODE_SIGN_ENTITLEMENTS = MitmproxyApple/MitmproxyAppleRelease.entitlements;
				CODE_SIGN_IDENTITY = "Apple Development";
				CODE_SIGN_STYLE = Automatic;
				COMBINE_HIDPI_IMAGES = YES;
				DEVELOPMENT_TEAM = S8XHQB96PW;
				ENABLE_HARDENED_RUNTIME = YES;
				INFOPLIST_FILE = MitmproxyApple/Info.plist;
				LD_RUNPATH_SEARCH_PATHS = (
					"$(inherited)",
					"@executable_path/../Frameworks",
				);
				PRODUCT_BUNDLE_IDENTIFIER = com.emanuele.mitmproxyApple;
				PRODUCT_NAME = "$(TARGET_NAME)";
				PROVISIONING_PROFILE_SPECIFIER = "";
				SWIFT_VERSION = 5.0;
			};
			name = Release;
		};
		04A7A5002643C9AB0062DE97 /* Debug */ = {
			isa = XCBuildConfiguration;
			buildSettings = {
				CODE_SIGN_ENTITLEMENTS = MitmproxyAppleExtension/MitmproxyAppleExtension.entitlements;
				CODE_SIGN_STYLE = Automatic;
				DEVELOPMENT_ASSET_PATHS = "";
				DEVELOPMENT_TEAM = S8XHQB96PW;
				ENABLE_HARDENED_RUNTIME = YES;
				INFOPLIST_FILE = MitmproxyAppleExtension/Info.plist;
				LD_RUNPATH_SEARCH_PATHS = (
					"$(inherited)",
					"@executable_path/../Frameworks",
					"@executable_path/../../../../Frameworks",
				);
				MACOSX_DEPLOYMENT_TARGET = 10.15;
				PRODUCT_BUNDLE_IDENTIFIER = com.emanuele.mitmproxyApple.mitmproxyAppleExtension;
				PRODUCT_NAME = "$(inherited)";
				SKIP_INSTALL = YES;
				SWIFT_VERSION = 5.0;
			};
			name = Debug;
		};
		04A7A5012643C9AB0062DE97 /* Release */ = {
			isa = XCBuildConfiguration;
			buildSettings = {
				CODE_SIGN_ENTITLEMENTS = MitmproxyAppleExtension/MitmproxyAppleExtensionRelease.entitlements;
				CODE_SIGN_IDENTITY = "Apple Development";
				CODE_SIGN_STYLE = Automatic;
				DEVELOPMENT_ASSET_PATHS = "";
				DEVELOPMENT_TEAM = S8XHQB96PW;
				ENABLE_HARDENED_RUNTIME = YES;
				INFOPLIST_FILE = MitmproxyAppleExtension/Info.plist;
				LD_RUNPATH_SEARCH_PATHS = (
					"$(inherited)",
					"@executable_path/../Frameworks",
					"@executable_path/../../../../Frameworks",
				);
				MACOSX_DEPLOYMENT_TARGET = 10.15;
				PRODUCT_BUNDLE_IDENTIFIER = com.emanuele.mitmproxyApple.mitmproxyAppleExtension;
				PRODUCT_NAME = "$(inherited)";
				PROVISIONING_PROFILE_SPECIFIER = "";
				SKIP_INSTALL = YES;
				SWIFT_VERSION = 5.0;
			};
			name = Release;
		};
/* End XCBuildConfiguration section */

/* Begin XCConfigurationList section */
		04A7A4B62643AE450062DE97 /* Build configuration list for PBXProject "MitmproxyApple" */ = {
			isa = XCConfigurationList;
			buildConfigurations = (
				04A7A4C92643AE480062DE97 /* Debug */,
				04A7A4CA2643AE480062DE97 /* Release */,
			);
			defaultConfigurationIsVisible = 0;
			defaultConfigurationName = Release;
		};
		04A7A4CB2643AE480062DE97 /* Build configuration list for PBXNativeTarget "MitmproxyApple" */ = {
			isa = XCConfigurationList;
			buildConfigurations = (
				04A7A4CC2643AE480062DE97 /* Debug */,
				04A7A4CD2643AE480062DE97 /* Release */,
			);
			defaultConfigurationIsVisible = 0;
			defaultConfigurationName = Release;
		};
		04A7A4FF2643C9AB0062DE97 /* Build configuration list for PBXNativeTarget "MitmproxyAppleExtension" */ = {
			isa = XCConfigurationList;
			buildConfigurations = (
				04A7A5002643C9AB0062DE97 /* Debug */,
				04A7A5012643C9AB0062DE97 /* Release */,
			);
			defaultConfigurationIsVisible = 0;
			defaultConfigurationName = Release;
		};
/* End XCConfigurationList section */

/* Begin XCRemoteSwiftPackageReference section */
		F3AB020F2A35B99000327306 /* XCRemoteSwiftPackageReference "swift-protobuf" */ = {
			isa = XCRemoteSwiftPackageReference;
			repositoryURL = "https://github.com/apple/swift-protobuf.git";
			requirement = {
				kind = upToNextMajorVersion;
				minimumVersion = 1.0.0;
			};
		};
/* End XCRemoteSwiftPackageReference section */

/* Begin XCSwiftPackageProductDependency section */
		F3AB02102A35B99000327306 /* SwiftProtobuf */ = {
			isa = XCSwiftPackageProductDependency;
			package = F3AB020F2A35B99000327306 /* XCRemoteSwiftPackageReference "swift-protobuf" */;
			productName = SwiftProtobuf;
		};
		F3AB02122A35B99000327306 /* SwiftProtobufPluginLibrary */ = {
			isa = XCSwiftPackageProductDependency;
			package = F3AB020F2A35B99000327306 /* XCRemoteSwiftPackageReference "swift-protobuf" */;
			productName = SwiftProtobufPluginLibrary;
		};
/* End XCSwiftPackageProductDependency section */
	};
	rootObject = 04A7A4B32643AE450062DE97 /* Project object */;
}
